
Microsoft Visual Studio Solution File, Format Version 12.00
# Visual Studio Version 16
VisualStudioVersion = 16.0.30523.141
MinimumVisualStudioVersion = 10.0.40219.1
Project("{FAE04EC0-301F-11D3-BF4B-00C04F79EFBC}") = "Movimento_Cavalo", "Movimento_Cavalo\Movimento_Cavalo.csproj", "{64847D7A-ADB9-4DE1-AFD2-FD48113EC0BC}"
EndProject
Global
	GlobalSection(SolutionConfigurationPlatforms) = preSolution
		Debug|Any CPU = Debug|Any CPU
		Release|Any CPU = Release|Any CPU
	EndGlobalSection
	GlobalSection(ProjectConfigurationPlatforms) = postSolution
		{64847D7A-ADB9-4DE1-AFD2-FD48113EC0BC}.Debug|Any CPU.ActiveCfg = Debug|Any CPU
		{64847D7A-ADB9-4DE1-AFD2-FD48113EC0BC}.Debug|Any CPU.Build.0 = Debug|Any CPU
		{64847D7A-ADB9-4DE1-AFD2-FD48113EC0BC}.Release|Any CPU.ActiveCfg = Release|Any CPU
		{64847D7A-ADB9-4DE1-AFD2-FD48113EC0BC}.Release|Any CPU.Build.0 = Release|Any CPU
	EndGlobalSection
	GlobalSection(SolutionProperties) = preSolution
		HideSolutionNode = FALSE
	EndGlobalSection
	GlobalSection(ExtensibilityGlobals) = postSolution
		SolutionGuid = {59401193-7A67-4B46-9C2C-258A0FD6DB44}
	EndGlobalSection
EndGlobal
